// !$*UTF8*$!
{
	archiveVersion = 1;
	classes = {
	};
	objectVersion = 42;
	objects = {

/* Begin PBXBuildFile section */
		0CD00E6A0BC0976B0014D897 /* HTTPReader.cpp in Sources */ = {isa = PBXBuildFile; fileRef = 0CD00E680BC0976B0014D897 /* HTTPReader.cpp */; };
		0CD00E6B0BC0976B0014D897 /* HTTPReader.h in Headers */ = {isa = PBXBuildFile; fileRef = 0CD00E690BC0976B0014D897 /* HTTPReader.h */; };
		0CD00F390BC09D520014D897 /* api.h in Headers */ = {isa = PBXBuildFile; fileRef = 0CD00F380BC09D520014D897 /* api.h */; };
		0CD00F7A0BC09EA20014D897 /* HTTPReaderFactory.h in Headers */ = {isa = PBXBuildFile; fileRef = 0CD00F780BC09EA20014D897 /* HTTPReaderFactory.h */; };
		0CD00F7B0BC09EA20014D897 /* HTTPReaderFactory.cpp in Sources */ = {isa = PBXBuildFile; fileRef = 0CD00F790BC09EA20014D897 /* HTTPReaderFactory.cpp */; };
		0CD00F810BC09EB10014D897 /* main.cpp in Sources */ = {isa = PBXBuildFile; fileRef = 0CD00F800BC09EB10014D897 /* main.cpp */; };
/* End PBXBuildFile section */

/* Begin PBXFileReference section */
		0CD00E680BC0976B0014D897 /* HTTPReader.cpp */ = {isa = PBXFileReference; fileEncoding = 30; lastKnownFileType = sourcecode.cpp.cpp; path = HTTPReader.cpp; sourceTree = "<group>"; };
		0CD00E690BC0976B0014D897 /* HTTPReader.h */ = {isa = PBXFileReference; fileEncoding = 30; lastKnownFileType = sourcecode.c.h; path = HTTPReader.h; sourceTree = "<group>"; };
		0CD00F380BC09D520014D897 /* api.h */ = {isa = PBXFileReference; fileEncoding = 30; lastKnownFileType = sourcecode.c.h; path = api.h; sourceTree = "<group>"; };
		0CD00F780BC09EA20014D897 /* HTTPReaderFactory.h */ = {isa = PBXFileReference; fileEncoding = 30; lastKnownFileType = sourcecode.c.h; path = HTTPReaderFactory.h; sourceTree = "<group>"; };
		0CD00F790BC09EA20014D897 /* HTTPReaderFactory.cpp */ = {isa = PBXFileReference; fileEncoding = 30; lastKnownFileType = sourcecode.cpp.cpp; path = HTTPReaderFactory.cpp; sourceTree = "<group>"; };
		0CD00F800BC09EB10014D897 /* main.cpp */ = {isa = PBXFileReference; fileEncoding = 30; lastKnownFileType = sourcecode.cpp.cpp; path = main.cpp; sourceTree = "<group>"; };
		D2AAC0630554660B00DB518D /* filereader.w5s */ = {isa = PBXFileReference; explicitFileType = "compiled.mach-o.dylib"; includeInIndex = 0; path = filereader.w5s; sourceTree = BUILT_PRODUCTS_DIR; };
/* End PBXFileReference section */

/* Begin PBXFrameworksBuildPhase section */
		D289988505E68E00004EDB86 /* Frameworks */ = {
			isa = PBXFrameworksBuildPhase;
			buildActionMask = 2147483647;
			files = (
			);
			runOnlyForDeploymentPostprocessing = 0;
		};
/* End PBXFrameworksBuildPhase section */

/* Begin PBXGroup section */
		08FB7794FE84155DC02AAC07 /* filereader */ = {
			isa = PBXGroup;
			children = (
				08FB7795FE84155DC02AAC07 /* Source */,
				1AB674ADFE9D54B511CA2CBB /* Products */,
			);
			name = filereader;
			sourceTree = "<group>";
		};
		08FB7795FE84155DC02AAC07 /* Source */ = {
			isa = PBXGroup;
			children = (
				0CD00F800BC09EB10014D897 /* main.cpp */,
				0CD00F780BC09EA20014D897 /* HTTPReaderFactory.h */,
				0CD00F790BC09EA20014D897 /* HTTPReaderFactory.cpp */,
				0CD00E680BC0976B0014D897 /* HTTPReader.cpp */,
				0CD00E690BC0976B0014D897 /* HTTPReader.h */,
				0CD00F380BC09D520014D897 /* api.h */,
			);
			name = Source;
			sourceTree = "<group>";
		};
		1AB674ADFE9D54B511CA2CBB /* Products */ = {
			isa = PBXGroup;
			children = (
				D2AAC0630554660B00DB518D /* filereader.w5s */,
			);
			name = Products;
			sourceTree = "<group>";
		};
/* End PBXGroup section */

/* Begin PBXHeadersBuildPhase section */
		D2AAC0600554660B00DB518D /* Headers */ = {
			isa = PBXHeadersBuildPhase;
			buildActionMask = 2147483647;
			files = (
				0CD00E6B0BC0976B0014D897 /* HTTPReader.h in Headers */,
				0CD00F390BC09D520014D897 /* api.h in Headers */,
				0CD00F7A0BC09EA20014D897 /* HTTPReaderFactory.h in Headers */,
			);
			runOnlyForDeploymentPostprocessing = 0;
		};
/* End PBXHeadersBuildPhase section */

/* Begin PBXNativeTarget section */
		D2AAC0620554660B00DB518D /* filereader */ = {
			isa = PBXNativeTarget;
			buildConfigurationList = 1DEB914A08733D8E0010E9CD /* Build configuration list for PBXNativeTarget "filereader" */;
			buildPhases = (
				D2AAC0600554660B00DB518D /* Headers */,
				D2AAC0610554660B00DB518D /* Sources */,
				D289988505E68E00004EDB86 /* Frameworks */,
			);
			buildRules = (
			);
			dependencies = (
			);
			name = filereader;
			productName = filereader;
			productReference = D2AAC0630554660B00DB518D /* filereader.w5s */;
			productType = "com.apple.product-type.library.dynamic";
		};
/* End PBXNativeTarget section */

/* Begin PBXProject section */
		08FB7793FE84155DC02AAC07 /* Project object */ = {
			isa = PBXProject;
			buildConfigurationList = 1DEB914E08733D8E0010E9CD /* Build configuration list for PBXProject "filereader" */;
			hasScannedForEncodings = 1;
			mainGroup = 08FB7794FE84155DC02AAC07 /* filereader */;
			projectDirPath = "";
			targets = (
				D2AAC0620554660B00DB518D /* filereader */,
			);
		};
/* End PBXProject section */

/* Begin PBXSourcesBuildPhase section */
		D2AAC0610554660B00DB518D /* Sources */ = {
			isa = PBXSourcesBuildPhase;
			buildActionMask = 2147483647;
			files = (
				0CD00E6A0BC0976B0014D897 /* HTTPReader.cpp in Sources */,
				0CD00F7B0BC09EA20014D897 /* HTTPReaderFactory.cpp in Sources */,
				0CD00F810BC09EB10014D897 /* main.cpp in Sources */,
			);
			runOnlyForDeploymentPostprocessing = 0;
		};
/* End PBXSourcesBuildPhase section */

/* Begin XCBuildConfiguration section */
		1DEB914B08733D8E0010E9CD /* Debug */ = {
			isa = XCBuildConfiguration;
			buildSettings = {
				COPY_PHASE_STRIP = NO;
				EXECUTABLE_EXTENSION = w5s;
				EXECUTABLE_PREFIX = "";
				GCC_DYNAMIC_NO_PIC = NO;
				GCC_ENABLE_FIX_AND_CONTINUE = YES;
				GCC_MODEL_TUNING = G5;
				GCC_OPTIMIZATION_LEVEL = 0;
				INSTALL_PATH = /usr/local/lib;
				PRODUCT_NAME = filereader;
				ZERO_LINK = YES;
			};
			name = Debug;
		};
		1DEB914C08733D8E0010E9CD /* Release */ = {
			isa = XCBuildConfiguration;
			buildSettings = {
				ARCHS = (
					ppc,
					i386,
				);
				EXECUTABLE_PREFIX = lib;
				GCC_GENERATE_DEBUGGING_SYMBOLS = NO;
				GCC_MODEL_TUNING = G5;
				INSTALL_PATH = /usr/local/lib;
				PRODUCT_NAME = filereader;
			};
			name = Release;
		};
		1DEB914F08733D8E0010E9CD /* Debug */ = {
			isa = XCBuildConfiguration;
			buildSettings = {
				ALWAYS_SEARCH_USER_PATHS = NO;
				GCC_WARN_ABOUT_RETURN_TYPE = YES;
				GCC_WARN_UNUSED_VARIABLE = YES;
				HEADER_SEARCH_PATHS = ../Wasabi;
				PREBINDING = NO;
				SDKROOT = /Developer/SDKs/MacOSX10.4u.sdk;
			};
			name = Debug;
		};
		1DEB915008733D8E0010E9CD /* Release */ = {
			isa = XCBuildConfiguration;
			buildSettings = {
				GCC_WARN_ABOUT_RETURN_TYPE = YES;
				GCC_WARN_UNUSED_VARIABLE = YES;
				PREBINDING = NO;
				SDKROOT = /Developer/SDKs/MacOSX10.4u.sdk;
			};
			name = Release;
		};
/* End XCBuildConfiguration section */

/* Begin XCConfigurationList section */
		1DEB914A08733D8E0010E9CD /* Build configuration list for PBXNativeTarget "filereader" */ = {
			isa = XCConfigurationList;
			buildConfigurations = (
				1DEB914B08733D8E0010E9CD /* Debug */,
				1DEB914C08733D8E0010E9CD /* Release */,
			);
			defaultConfigurationIsVisible = 0;
			defaultConfigurationName = Release;
		};
		1DEB914E08733D8E0010E9CD /* Build configuration list for PBXProject "filereader" */ = {
			isa = XCConfigurationList;
			buildConfigurations = (
				1DEB914F08733D8E0010E9CD /* Debug */,
				1DEB915008733D8E0010E9CD /* Release */,
			);
			defaultConfigurationIsVisible = 0;
			defaultConfigurationName = Release;
		};
/* End XCConfigurationList section */
	};
	rootObject = 08FB7793FE84155DC02AAC07 /* Project object */;
}
