<?xml version="1.0" encoding="utf-8"?>
<Project ToolsVersion="4.0" xmlns="http://schemas.microsoft.com/developer/msbuild/2003">
  <ItemGroup>
    <ClCompile Include="factory_png.cpp">
      <Filter>Source Files</Filter>
    </ClCompile>
    <ClCompile Include="factory_pngwrite.cpp">
      <Filter>Source Files</Filter>
    </ClCompile>
    <ClCompile Include="PNGLoader.cpp">
      <Filter>Source Files</Filter>
    </ClCompile>
    <ClCompile Include="PNGWriter.cpp">
      <Filter>Source Files</Filter>
    </ClCompile>
    <ClCompile Include="wa5_png.cpp">
      <Filter>Source Files</Filter>
    </ClCompile>
  </ItemGroup>
  <ItemGroup>
    <ClInclude Include="api__png.h">
      <Filter>Header Files</Filter>
    </ClInclude>
    <ClInclude Include="factory_png.h">
      <Filter>Header Files</Filter>
    </ClInclude>
    <ClInclude Include="factory_pngwrite.h">
      <Filter>Header Files</Filter>
    </ClInclude>
    <ClInclude Include="PNGLoader.h">
      <Filter>Header Files</Filter>
    </ClInclude>
    <ClInclude Include="PNGWriter.h">
      <Filter>Header Files</Filter>
    </ClInclude>
    <ClInclude Include="resource.h">
      <Filter>Header Files</Filter>
    </ClInclude>
    <ClInclude Include="..\Wasabi\api\service\svcs\svc_imgload.h">
      <Filter>Header Files</Filter>
    </ClInclude>
    <ClInclude Include="..\Wasabi\api\service\svcs\svc_imgwrite.h">
      <Filter>Header Files</Filter>
    </ClInclude>
    <ClInclude Include="wa5_png.h">
      <Filter>Header Files</Filter>
    </ClInclude>
  </ItemGroup>
  <ItemGroup>
    <Filter Include="Header Files">
      <UniqueIdentifier>{874758cc-4d81-4ce1-8262-d6dfa887afb9}</UniqueIdentifier>
    </Filter>
    <Filter Include="Source Files">
      <UniqueIdentifier>{896fe89d-d39f-4f83-88cb-247297c29b70}</UniqueIdentifier>
    </Filter>
    <Filter Include="Ressource Files">
      <UniqueIdentifier>{93eb4c7b-8769-431d-b04e-b725039eaa2a}</UniqueIdentifier>
    </Filter>
  </ItemGroup>
  <ItemGroup>
    <ResourceCompile Include="png.rc">
      <Filter>Ressource Files</Filter>
    </ResourceCompile>
  </ItemGroup>
</Project>