
Microsoft Visual Studio Solution File, Format Version 12.00
# Visual Studio Version 16
VisualStudioVersion = 16.0.29509.3
MinimumVisualStudioVersion = 10.0.40219.1
Project("{8BC9CEB8-8B4A-11D0-8D11-00A0C91BC942}") = "ReplayGainAnalysis", "ReplayGainAnalysis.vcxproj", "{8155E1C4-B6F8-4A1D-96A3-E4FF0FE9192D}"
	ProjectSection(ProjectDependencies) = postProject
		{DABE6307-F8DD-416D-9DAC-673E2DECB73F} = {DABE6307-F8DD-416D-9DAC-673E2DECB73F}
	EndProjectSection
EndProject
Project("{8BC9CEB8-8B4A-11D0-8D11-00A0C91BC942}") = "nsutil", "..\nsutil\nsutil.vcxproj", "{DABE6307-F8DD-416D-9DAC-673E2DECB73F}"
EndProject
Global
	GlobalSection(SolutionConfigurationPlatforms) = preSolution
		Debug|Win32 = Debug|Win32
		Debug|x64 = Debug|x64
		Release|Win32 = Release|Win32
		Release|x64 = Release|x64
	EndGlobalSection
	GlobalSection(ProjectConfigurationPlatforms) = postSolution
		{8155E1C4-B6F8-4A1D-96A3-E4FF0FE9192D}.Debug|Win32.ActiveCfg = Debug|Win32
		{8155E1C4-B6F8-4A1D-96A3-E4FF0FE9192D}.Debug|Win32.Build.0 = Debug|Win32
		{8155E1C4-B6F8-4A1D-96A3-E4FF0FE9192D}.Debug|x64.ActiveCfg = Debug|x64
		{8155E1C4-B6F8-4A1D-96A3-E4FF0FE9192D}.Debug|x64.Build.0 = Debug|x64
		{8155E1C4-B6F8-4A1D-96A3-E4FF0FE9192D}.Release|Win32.ActiveCfg = Release|Win32
		{8155E1C4-B6F8-4A1D-96A3-E4FF0FE9192D}.Release|Win32.Build.0 = Release|Win32
		{8155E1C4-B6F8-4A1D-96A3-E4FF0FE9192D}.Release|x64.ActiveCfg = Release|x64
		{8155E1C4-B6F8-4A1D-96A3-E4FF0FE9192D}.Release|x64.Build.0 = Release|x64
		{DABE6307-F8DD-416D-9DAC-673E2DECB73F}.Debug|Win32.ActiveCfg = Debug|Win32
		{DABE6307-F8DD-416D-9DAC-673E2DECB73F}.Debug|Win32.Build.0 = Debug|Win32
		{DABE6307-F8DD-416D-9DAC-673E2DECB73F}.Debug|x64.ActiveCfg = Debug|x64
		{DABE6307-F8DD-416D-9DAC-673E2DECB73F}.Debug|x64.Build.0 = Debug|x64
		{DABE6307-F8DD-416D-9DAC-673E2DECB73F}.Release|Win32.ActiveCfg = Release|Win32
		{DABE6307-F8DD-416D-9DAC-673E2DECB73F}.Release|Win32.Build.0 = Release|Win32
		{DABE6307-F8DD-416D-9DAC-673E2DECB73F}.Release|x64.ActiveCfg = Release|x64
		{DABE6307-F8DD-416D-9DAC-673E2DECB73F}.Release|x64.Build.0 = Release|x64
	EndGlobalSection
	GlobalSection(SolutionProperties) = preSolution
		HideSolutionNode = FALSE
	EndGlobalSection
	GlobalSection(ExtensibilityGlobals) = postSolution
		SolutionGuid = {52EA9FC4-8D53-4004-86F4-7EE5E887F47B}
	EndGlobalSection
EndGlobal
