<?xml version="1.0" encoding="utf-8"?>
<Project ToolsVersion="4.0" xmlns="http://schemas.microsoft.com/developer/msbuild/2003">
  <ItemGroup>
    <ClCompile Include="Config.cpp">
      <Filter>Source Files</Filter>
    </ClCompile>
    <ClCompile Include="DevEnum.cpp">
      <Filter>Source Files</Filter>
    </ClCompile>
    <ClCompile Include="ds2.cpp">
      <Filter>Source Files</Filter>
    </ClCompile>
    <ClCompile Include="ds2_devenum.cpp">
      <Filter>Source Files</Filter>
    </ClCompile>
    <ClCompile Include="ds2_misc.cpp">
      <Filter>Source Files</Filter>
    </ClCompile>
    <ClCompile Include="SoundBlock.cpp">
      <Filter>Source Files</Filter>
    </ClCompile>
    <ClCompile Include="SoundBlockList.cpp">
      <Filter>Source Files</Filter>
    </ClCompile>
    <ClCompile Include="VolCtrl.cpp">
      <Filter>Source Files</Filter>
    </ClCompile>
    <ClCompile Include="wa2.cpp">
      <Filter>Source Files</Filter>
    </ClCompile>
    <ClCompile Include="wa2_config.cpp">
      <Filter>Source Files</Filter>
    </ClCompile>
    <ClCompile Include="..\..\..\pfc\cfg_var.cpp">
      <Filter>Source Files</Filter>
    </ClCompile>
    <ClCompile Include="..\..\..\pfc\string.cpp">
      <Filter>Source Files</Filter>
    </ClCompile>
    <ClCompile Include="..\..\..\pfc\string_unicode.cpp">
      <Filter>Source Files</Filter>
    </ClCompile>
  </ItemGroup>
  <ItemGroup>
    <ClInclude Include="VolCtrl.h">
      <Filter>Header Files</Filter>
    </ClInclude>
    <ClInclude Include="SoundBlockList.h">
      <Filter>Header Files</Filter>
    </ClInclude>
    <ClInclude Include="SoundBlock.h">
      <Filter>Header Files</Filter>
    </ClInclude>
    <ClInclude Include="res_wa2\resource.h">
      <Filter>Header Files</Filter>
    </ClInclude>
    <ClInclude Include="out_ds.h">
      <Filter>Header Files</Filter>
    </ClInclude>
    <ClInclude Include="ds2.h">
      <Filter>Header Files</Filter>
    </ClInclude>
    <ClInclude Include="ds_main.h">
      <Filter>Header Files</Filter>
    </ClInclude>
    <ClInclude Include="DevEnum.h">
      <Filter>Header Files</Filter>
    </ClInclude>
    <ClInclude Include="Config.h">
      <Filter>Header Files</Filter>
    </ClInclude>
  </ItemGroup>
  <ItemGroup>
    <Filter Include="Header Files">
      <UniqueIdentifier>{a9054c6f-fcbf-4f1b-98c3-47fb0b552dc6}</UniqueIdentifier>
    </Filter>
    <Filter Include="Ressource Files">
      <UniqueIdentifier>{76daf3b6-09e4-496b-8254-80d6afffba08}</UniqueIdentifier>
    </Filter>
    <Filter Include="Source Files">
      <UniqueIdentifier>{da81f6bf-ee4d-440e-bcd5-457809fb2c36}</UniqueIdentifier>
    </Filter>
  </ItemGroup>
  <ItemGroup>
    <ResourceCompile Include="res_wa2\out_ds2.rc">
      <Filter>Ressource Files</Filter>
    </ResourceCompile>
  </ItemGroup>
</Project>