Microsoft Visual Studio Solution File, Format Version 12.00
# Visual Studio Version 16
VisualStudioVersion = 16.0.29424.173
MinimumVisualStudioVersion = 10.0.40219.1
Project("{8BC9CEB8-8B4A-11D0-8D11-00A0C91BC942}") = "out_ds", "out_ds.vcxproj", "{224E9634-ED82-4762-B1C4-33FC20CD0DD3}"
EndProject
Global
	GlobalSection(SolutionConfigurationPlatforms) = preSolution
		Debug|Win32 = Debug|Win32
		Debug|x64 = Debug|x64
		Release|Win32 = Release|Win32
		Release|x64 = Release|x64
	EndGlobalSection
	GlobalSection(ProjectConfigurationPlatforms) = postSolution
		{224E9634-ED82-4762-B1C4-33FC20CD0DD3}.Debug|Win32.ActiveCfg = Debug|Win32
		{224E9634-ED82-4762-B1C4-33FC20CD0DD3}.Debug|Win32.Build.0 = Debug|Win32
		{224E9634-ED82-4762-B1C4-33FC20CD0DD3}.Release|Win32.ActiveCfg = Release|Win32
		{224E9634-ED82-4762-B1C4-33FC20CD0DD3}.Release|Win32.Build.0 = Release|Win32
		{224E9634-ED82-4762-B1C4-33FC20CD0DD3}.Debug|x64.ActiveCfg = Debug|x64
		{224E9634-ED82-4762-B1C4-33FC20CD0DD3}.Debug|x64.Build.0 = Debug|x64
		{224E9634-ED82-4762-B1C4-33FC20CD0DD3}.Release|x64.ActiveCfg = Release|x64
		{224E9634-ED82-4762-B1C4-33FC20CD0DD3}.Release|x64.Build.0 = Release|x64
	EndGlobalSection
	GlobalSection(SolutionProperties) = preSolution
		HideSolutionNode = FALSE
	EndGlobalSection
	GlobalSection(ExtensibilityGlobals) = postSolution
		SolutionGuid = {A9F1A238-FD11-4202-9F24-119183616B81}
	EndGlobalSection
EndGlobal
