<?xml version="1.0" encoding="utf-8"?>
<Project ToolsVersion="4.0" xmlns="http://schemas.microsoft.com/developer/msbuild/2003">
  <ItemGroup>
    <ClCompile Include="utils.cpp">
      <Filter>Source Files</Filter>
    </ClCompile>
    <ClCompile Include="usbplaylistsaver.cpp">
      <Filter>Source Files</Filter>
    </ClCompile>
    <ClCompile Include="usbplaylist.cpp">
      <Filter>Source Files</Filter>
    </ClCompile>
    <ClCompile Include="usbdevice.cpp">
      <Filter>Source Files</Filter>
    </ClCompile>
    <ClCompile Include="main.cpp">
      <Filter>Source Files</Filter>
    </ClCompile>
    <ClCompile Include="filecopy.cpp">
      <Filter>Source Files</Filter>
    </ClCompile>
    <ClCompile Include="eject.cpp">
      <Filter>Source Files</Filter>
    </ClCompile>
    <ClCompile Include="deviceprovider.cpp">
      <Filter>Source Files</Filter>
    </ClCompile>
    <ClCompile Include="api.cpp">
      <Filter>Source Files</Filter>
    </ClCompile>
    <ClCompile Include="albumart.cpp">
      <Filter>Source Files</Filter>
    </ClCompile>
    <ClCompile Include="..\..\General\gen_ml\ml_lib.cpp">
      <Filter>Source Files</Filter>
    </ClCompile>
  </ItemGroup>
  <ItemGroup>
    <ClInclude Include="api.h">
      <Filter>Header Files</Filter>
    </ClInclude>
    <ClInclude Include="deviceprovider.h">
      <Filter>Header Files</Filter>
    </ClInclude>
    <ClInclude Include="resource.h">
      <Filter>Header Files</Filter>
    </ClInclude>
    <ClInclude Include="usbplaylistsaver.h">
      <Filter>Header Files</Filter>
    </ClInclude>
    <ClInclude Include="usbplaylist.h">
      <Filter>Header Files</Filter>
    </ClInclude>
    <ClInclude Include="usbdevice.h">
      <Filter>Header Files</Filter>
    </ClInclude>
    <ClInclude Include="..\..\Library\ml_pmp\pmp.h" />
    <ClInclude Include="..\..\General\gen_ml\ml.h">
      <Filter>Header Files</Filter>
    </ClInclude>
  </ItemGroup>
  <ItemGroup>
    <Image Include="resources\usbIcon.png">
      <Filter>Image Files</Filter>
    </Image>
    <Image Include="resources\pspIcon.png">
      <Filter>Image Files</Filter>
    </Image>
  </ItemGroup>
  <ItemGroup>
    <Filter Include="Header Files">
      <UniqueIdentifier>{df4d6295-0341-413a-a69b-289485e8ac9b}</UniqueIdentifier>
    </Filter>
    <Filter Include="Ressource Files">
      <UniqueIdentifier>{dd0483a1-4f48-4781-9440-bf945617ff32}</UniqueIdentifier>
    </Filter>
    <Filter Include="Source Files">
      <UniqueIdentifier>{f7ad4b77-838f-46fa-a4d5-e72746ad3a68}</UniqueIdentifier>
    </Filter>
    <Filter Include="Image Files">
      <UniqueIdentifier>{4536af52-cfdf-4156-a936-f89abc7ee71a}</UniqueIdentifier>
    </Filter>
  </ItemGroup>
  <ItemGroup>
    <ResourceCompile Include="pmp_usb2.rc">
      <Filter>Ressource Files</Filter>
    </ResourceCompile>
  </ItemGroup>
</Project>