<?xml version="1.0" encoding="utf-8"?>
<Project ToolsVersion="4.0" xmlns="http://schemas.microsoft.com/developer/msbuild/2003">
  <ItemGroup>
    <ClCompile Include="Factory.cpp">
      <Filter>Source Files</Filter>
    </ClCompile>
    <ClCompile Include="main.cpp">
      <Filter>Source Files</Filter>
    </ClCompile>
    <ClCompile Include="..\Wasabi\api\script\objcontroller.cpp">
      <Filter>Source Files</Filter>
    </ClCompile>
    <ClCompile Include="..\Wasabi\api\script\objects\rootobj.cpp">
      <Filter>Source Files</Filter>
    </ClCompile>
    <ClCompile Include="..\Wasabi\api\script\objects\rootobjcbx.cpp">
      <Filter>Source Files</Filter>
    </ClCompile>
    <ClCompile Include="ScriptFactory.cpp">
      <Filter>Source Files</Filter>
    </ClCompile>
    <ClCompile Include="ScriptObjectService.cpp">
      <Filter>Source Files</Filter>
    </ClCompile>
    <ClCompile Include="..\Wasabi\api\script\scriptobji.cpp">
      <Filter>Source Files</Filter>
    </ClCompile>
    <ClCompile Include="..\Wasabi\api\script\scriptobjx.cpp">
      <Filter>Source Files</Filter>
    </ClCompile>
    <ClCompile Include="..\nu\ServiceWatcher.cpp">
      <Filter>Source Files</Filter>
    </ClCompile>
    <ClCompile Include="stimer.cpp">
      <Filter>Source Files</Filter>
    </ClCompile>
    <ClCompile Include="timerapi.cpp">
      <Filter>Source Files</Filter>
    </ClCompile>
    <ClCompile Include="..\Wasabi\api\timer\timerclient.cpp">
      <Filter>Source Files</Filter>
    </ClCompile>
    <ClCompile Include="timermul.cpp">
      <Filter>Source Files</Filter>
    </ClCompile>
    <ClCompile Include="tmultiplex.cpp">
      <Filter>Source Files</Filter>
    </ClCompile>
  </ItemGroup>
  <ItemGroup>
    <ClInclude Include="api.h">
      <Filter>Header Files</Filter>
    </ClInclude>
    <ClInclude Include="Factory.h">
      <Filter>Header Files</Filter>
    </ClInclude>
    <ClInclude Include="resource.h">
      <Filter>Header Files</Filter>
    </ClInclude>
    <ClInclude Include="ScriptFactory.h">
      <Filter>Header Files</Filter>
    </ClInclude>
    <ClInclude Include="ScriptObjectService.h">
      <Filter>Header Files</Filter>
    </ClInclude>
    <ClInclude Include="stimer.h">
      <Filter>Header Files</Filter>
    </ClInclude>
    <ClInclude Include="timerapi.h">
      <Filter>Header Files</Filter>
    </ClInclude>
    <ClInclude Include="timermul.h">
      <Filter>Header Files</Filter>
    </ClInclude>
    <ClInclude Include="tmultiplex.h">
      <Filter>Header Files</Filter>
    </ClInclude>
  </ItemGroup>
  <ItemGroup>
    <Filter Include="Header Files">
      <UniqueIdentifier>{dc3ff9be-ed5b-4440-a237-bd67ac1d61ba}</UniqueIdentifier>
    </Filter>
    <Filter Include="Ressource Files">
      <UniqueIdentifier>{196e3323-cdec-4d80-91b1-c5896e275321}</UniqueIdentifier>
    </Filter>
    <Filter Include="Source Files">
      <UniqueIdentifier>{691078fc-f387-4cdb-aa1b-f1d6a961cf0d}</UniqueIdentifier>
    </Filter>
  </ItemGroup>
  <ItemGroup>
    <ResourceCompile Include="timer.rc">
      <Filter>Ressource Files</Filter>
    </ResourceCompile>
  </ItemGroup>
</Project>