<?xml version="1.0" encoding="utf-8"?>
<Project ToolsVersion="4.0" xmlns="http://schemas.microsoft.com/developer/msbuild/2003">
  <ItemGroup>
    <ClCompile Include="ADTSAACDecoder.cpp">
      <Filter>Source Files</Filter>
    </ClCompile>
    <ClCompile Include="..\replicant\nsaac\ADTSHeader.c">
      <Filter>Source Files</Filter>
    </ClCompile>
    <ClCompile Include="api.cpp">
      <Filter>Source Files</Filter>
    </ClCompile>
    <ClCompile Include="AVIAACDecoder.cpp">
      <Filter>Source Files</Filter>
    </ClCompile>
    <ClCompile Include="FLVAACDecoder.cpp">
      <Filter>Source Files</Filter>
    </ClCompile>
    <ClCompile Include="main.cpp">
      <Filter>Source Files</Filter>
    </ClCompile>
    <ClCompile Include="MFTDecoder.cpp">
      <Filter>Source Files</Filter>
    </ClCompile>
    <ClCompile Include="mft-util.cpp">
      <Filter>Source Files</Filter>
    </ClCompile>
    <ClCompile Include="MKVAACDecoder.cpp">
      <Filter>Source Files</Filter>
    </ClCompile>
    <ClCompile Include="MP4AACDecoder.cpp">
      <Filter>Source Files</Filter>
    </ClCompile>
    <ClCompile Include="NSVAACDecoder.cpp">
      <Filter>Source Files</Filter>
    </ClCompile>
  </ItemGroup>
  <ItemGroup>
    <ClInclude Include="resource.h">
      <Filter>Header Files</Filter>
    </ClInclude>
    <ClInclude Include="ADTSAACDecoder.h">
      <Filter>Header Files</Filter>
    </ClInclude>
    <ClInclude Include="..\replicant\nsaac\ADTSHeader.h">
      <Filter>Header Files</Filter>
    </ClInclude>
    <ClInclude Include="api.h">
      <Filter>Header Files</Filter>
    </ClInclude>
    <ClInclude Include="AVIAACDecoder.h">
      <Filter>Header Files</Filter>
    </ClInclude>
    <ClInclude Include="FLVAACDecoder.h">
      <Filter>Header Files</Filter>
    </ClInclude>
    <ClInclude Include="MFTDecoder.h">
      <Filter>Header Files</Filter>
    </ClInclude>
    <ClInclude Include="MKVAACDecoder.h">
      <Filter>Header Files</Filter>
    </ClInclude>
    <ClInclude Include="MP4AACDecoder.h">
      <Filter>Header Files</Filter>
    </ClInclude>
    <ClInclude Include="NSVAACDecoder.h">
      <Filter>Header Files</Filter>
    </ClInclude>
    <ClInclude Include="util.h">
      <Filter>Header Files</Filter>
    </ClInclude>
  </ItemGroup>
  <ItemGroup>
    <Filter Include="Header Files">
      <UniqueIdentifier>{fba2fb29-46f5-449a-a2d4-f599c329c299}</UniqueIdentifier>
    </Filter>
    <Filter Include="Source Files">
      <UniqueIdentifier>{f5dc361a-609c-422d-a515-244e8f22edf1}</UniqueIdentifier>
    </Filter>
    <Filter Include="Ressource Files">
      <UniqueIdentifier>{6fca69fe-c362-4e6d-a1d2-307925c9cbbe}</UniqueIdentifier>
    </Filter>
  </ItemGroup>
  <ItemGroup>
    <ResourceCompile Include="aacdec-mft.rc">
      <Filter>Ressource Files</Filter>
    </ResourceCompile>
  </ItemGroup>
</Project>