
Microsoft Visual Studio Solution File, Format Version 12.00
# Visual Studio Version 16
VisualStudioVersion = 16.0.29424.173
MinimumVisualStudioVersion = 10.0.40219.1
Project("{8BC9CEB8-8B4A-11D0-8D11-00A0C91BC942}") = "winampv6", "winampv6.vcxproj", "{7DE5C6C7-DAF2-42F9-9324-C8CF4E7E8AC5}"
	ProjectSection(ProjectDependencies) = postProject
		{A929EC04-302E-4B4F-B2A3-65AF63BB088F} = {A929EC04-302E-4B4F-B2A3-65AF63BB088F}
		{DABE6307-F8DD-416D-9DAC-673E2DECB73F} = {DABE6307-F8DD-416D-9DAC-673E2DECB73F}
		{255B68B5-7EF8-45EF-A675-2D6B88147909} = {255B68B5-7EF8-45EF-A675-2D6B88147909}
	EndProjectSection
EndProject
Project("{8BC9CEB8-8B4A-11D0-8D11-00A0C91BC942}") = "bfc", "..\Wasabi\bfc\bfc.vcxproj", "{D0EC862E-DDDD-4F4F-934F-B75DC9062DC1}"
EndProject
Project("{8BC9CEB8-8B4A-11D0-8D11-00A0C91BC942}") = "zlib", "..\replicant\zlib\zlib.vcxproj", "{0F9730E4-45DA-4BD2-A50A-403A4BC9751A}"
EndProject
Project("{8BC9CEB8-8B4A-11D0-8D11-00A0C91BC942}") = "albumart", "..\albumart\albumart.vcxproj", "{388476B7-C0A1-4853-B6F4-9A64CA346BA9}"
EndProject
Project("{8BC9CEB8-8B4A-11D0-8D11-00A0C91BC942}") = "Elevator", "..\Elevator\Elevator.vcxproj", "{977153BF-8420-4C8D-AA25-592FAEDB6CBA}"
	ProjectSection(ProjectDependencies) = postProject
		{A929EC04-302E-4B4F-B2A3-65AF63BB088F} = {A929EC04-302E-4B4F-B2A3-65AF63BB088F}
	EndProjectSection
EndProject
Project("{8BC9CEB8-8B4A-11D0-8D11-00A0C91BC942}") = "ElevatorPS", "..\Elevator\ElevatorPS.vcxproj", "{A929EC04-302E-4B4F-B2A3-65AF63BB088F}"
EndProject
Project("{8BC9CEB8-8B4A-11D0-8D11-00A0C91BC942}") = "playlist", "..\playlist\playlist.vcxproj", "{B2C0F048-C7FA-4864-B5B3-75E69458BA9E}"
EndProject
Project("{8BC9CEB8-8B4A-11D0-8D11-00A0C91BC942}") = "tataki", "..\tataki\tataki.vcxproj", "{255B68B5-7EF8-45EF-A675-2D6B88147909}"
	ProjectSection(ProjectDependencies) = postProject
		{DABE6307-F8DD-416D-9DAC-673E2DECB73F} = {DABE6307-F8DD-416D-9DAC-673E2DECB73F}
	EndProjectSection
EndProject
Project("{8BC9CEB8-8B4A-11D0-8D11-00A0C91BC942}") = "nsutil", "..\nsutil\nsutil.vcxproj", "{DABE6307-F8DD-416D-9DAC-673E2DECB73F}"
EndProject
Global
	GlobalSection(SolutionConfigurationPlatforms) = preSolution
		Debug|Win32 = Debug|Win32
		Debug|x64 = Debug|x64
		Release|Win32 = Release|Win32
		Release|x64 = Release|x64
	EndGlobalSection
	GlobalSection(ProjectConfigurationPlatforms) = postSolution
		{7DE5C6C7-DAF2-42F9-9324-C8CF4E7E8AC5}.Debug|Win32.ActiveCfg = Debug|Win32
		{7DE5C6C7-DAF2-42F9-9324-C8CF4E7E8AC5}.Debug|Win32.Build.0 = Debug|Win32
		{7DE5C6C7-DAF2-42F9-9324-C8CF4E7E8AC5}.Debug|x64.ActiveCfg = Debug|x64
		{7DE5C6C7-DAF2-42F9-9324-C8CF4E7E8AC5}.Debug|x64.Build.0 = Debug|x64
		{7DE5C6C7-DAF2-42F9-9324-C8CF4E7E8AC5}.Release|Win32.ActiveCfg = Release|Win32
		{7DE5C6C7-DAF2-42F9-9324-C8CF4E7E8AC5}.Release|Win32.Build.0 = Release|Win32
		{7DE5C6C7-DAF2-42F9-9324-C8CF4E7E8AC5}.Release|x64.ActiveCfg = Release|x64
		{7DE5C6C7-DAF2-42F9-9324-C8CF4E7E8AC5}.Release|x64.Build.0 = Release|x64
		{D0EC862E-DDDD-4F4F-934F-B75DC9062DC1}.Debug|Win32.ActiveCfg = Debug|Win32
		{D0EC862E-DDDD-4F4F-934F-B75DC9062DC1}.Debug|Win32.Build.0 = Debug|Win32
		{D0EC862E-DDDD-4F4F-934F-B75DC9062DC1}.Debug|x64.ActiveCfg = Debug|x64
		{D0EC862E-DDDD-4F4F-934F-B75DC9062DC1}.Debug|x64.Build.0 = Debug|x64
		{D0EC862E-DDDD-4F4F-934F-B75DC9062DC1}.Release|Win32.ActiveCfg = Release|Win32
		{D0EC862E-DDDD-4F4F-934F-B75DC9062DC1}.Release|Win32.Build.0 = Release|Win32
		{D0EC862E-DDDD-4F4F-934F-B75DC9062DC1}.Release|x64.ActiveCfg = Release|x64
		{D0EC862E-DDDD-4F4F-934F-B75DC9062DC1}.Release|x64.Build.0 = Release|x64
		{0F9730E4-45DA-4BD2-A50A-403A4BC9751A}.Debug|Win32.ActiveCfg = Debug|Win32
		{0F9730E4-45DA-4BD2-A50A-403A4BC9751A}.Debug|Win32.Build.0 = Debug|Win32
		{0F9730E4-45DA-4BD2-A50A-403A4BC9751A}.Debug|x64.ActiveCfg = Debug|x64
		{0F9730E4-45DA-4BD2-A50A-403A4BC9751A}.Debug|x64.Build.0 = Debug|x64
		{0F9730E4-45DA-4BD2-A50A-403A4BC9751A}.Release|Win32.ActiveCfg = Release|Win32
		{0F9730E4-45DA-4BD2-A50A-403A4BC9751A}.Release|Win32.Build.0 = Release|Win32
		{0F9730E4-45DA-4BD2-A50A-403A4BC9751A}.Release|x64.ActiveCfg = Release|x64
		{0F9730E4-45DA-4BD2-A50A-403A4BC9751A}.Release|x64.Build.0 = Release|x64
		{388476B7-C0A1-4853-B6F4-9A64CA346BA9}.Debug|Win32.ActiveCfg = Debug|Win32
		{388476B7-C0A1-4853-B6F4-9A64CA346BA9}.Debug|Win32.Build.0 = Debug|Win32
		{388476B7-C0A1-4853-B6F4-9A64CA346BA9}.Debug|x64.ActiveCfg = Debug|x64
		{388476B7-C0A1-4853-B6F4-9A64CA346BA9}.Debug|x64.Build.0 = Debug|x64
		{388476B7-C0A1-4853-B6F4-9A64CA346BA9}.Release|Win32.ActiveCfg = Release|Win32
		{388476B7-C0A1-4853-B6F4-9A64CA346BA9}.Release|Win32.Build.0 = Release|Win32
		{388476B7-C0A1-4853-B6F4-9A64CA346BA9}.Release|x64.ActiveCfg = Release|x64
		{388476B7-C0A1-4853-B6F4-9A64CA346BA9}.Release|x64.Build.0 = Release|x64
		{977153BF-8420-4C8D-AA25-592FAEDB6CBA}.Debug|Win32.ActiveCfg = Debug|Win32
		{977153BF-8420-4C8D-AA25-592FAEDB6CBA}.Debug|Win32.Build.0 = Debug|Win32
		{977153BF-8420-4C8D-AA25-592FAEDB6CBA}.Debug|x64.ActiveCfg = Debug|x64
		{977153BF-8420-4C8D-AA25-592FAEDB6CBA}.Debug|x64.Build.0 = Debug|x64
		{977153BF-8420-4C8D-AA25-592FAEDB6CBA}.Release|Win32.ActiveCfg = Release|Win32
		{977153BF-8420-4C8D-AA25-592FAEDB6CBA}.Release|Win32.Build.0 = Release|Win32
		{977153BF-8420-4C8D-AA25-592FAEDB6CBA}.Release|x64.ActiveCfg = Release|x64
		{977153BF-8420-4C8D-AA25-592FAEDB6CBA}.Release|x64.Build.0 = Release|x64
		{A929EC04-302E-4B4F-B2A3-65AF63BB088F}.Debug|Win32.ActiveCfg = Debug|Win32
		{A929EC04-302E-4B4F-B2A3-65AF63BB088F}.Debug|Win32.Build.0 = Debug|Win32
		{A929EC04-302E-4B4F-B2A3-65AF63BB088F}.Debug|x64.ActiveCfg = Debug|x64
		{A929EC04-302E-4B4F-B2A3-65AF63BB088F}.Debug|x64.Build.0 = Debug|x64
		{A929EC04-302E-4B4F-B2A3-65AF63BB088F}.Release|Win32.ActiveCfg = Release|Win32
		{A929EC04-302E-4B4F-B2A3-65AF63BB088F}.Release|Win32.Build.0 = Release|Win32
		{A929EC04-302E-4B4F-B2A3-65AF63BB088F}.Release|x64.ActiveCfg = Release|x64
		{A929EC04-302E-4B4F-B2A3-65AF63BB088F}.Release|x64.Build.0 = Release|x64
		{B2C0F048-C7FA-4864-B5B3-75E69458BA9E}.Debug|Win32.ActiveCfg = Debug|Win32
		{B2C0F048-C7FA-4864-B5B3-75E69458BA9E}.Debug|Win32.Build.0 = Debug|Win32
		{B2C0F048-C7FA-4864-B5B3-75E69458BA9E}.Debug|x64.ActiveCfg = Debug|x64
		{B2C0F048-C7FA-4864-B5B3-75E69458BA9E}.Debug|x64.Build.0 = Debug|x64
		{B2C0F048-C7FA-4864-B5B3-75E69458BA9E}.Release|Win32.ActiveCfg = Release|Win32
		{B2C0F048-C7FA-4864-B5B3-75E69458BA9E}.Release|Win32.Build.0 = Release|Win32
		{B2C0F048-C7FA-4864-B5B3-75E69458BA9E}.Release|x64.ActiveCfg = Release|x64
		{B2C0F048-C7FA-4864-B5B3-75E69458BA9E}.Release|x64.Build.0 = Release|x64
		{255B68B5-7EF8-45EF-A675-2D6B88147909}.Debug|Win32.ActiveCfg = Debug|Win32
		{255B68B5-7EF8-45EF-A675-2D6B88147909}.Debug|Win32.Build.0 = Debug|Win32
		{255B68B5-7EF8-45EF-A675-2D6B88147909}.Debug|x64.ActiveCfg = Debug|x64
		{255B68B5-7EF8-45EF-A675-2D6B88147909}.Debug|x64.Build.0 = Debug|x64
		{255B68B5-7EF8-45EF-A675-2D6B88147909}.Release|Win32.ActiveCfg = Release|Win32
		{255B68B5-7EF8-45EF-A675-2D6B88147909}.Release|Win32.Build.0 = Release|Win32
		{255B68B5-7EF8-45EF-A675-2D6B88147909}.Release|x64.ActiveCfg = Release|x64
		{255B68B5-7EF8-45EF-A675-2D6B88147909}.Release|x64.Build.0 = Release|x64
		{DABE6307-F8DD-416D-9DAC-673E2DECB73F}.Debug|Win32.ActiveCfg = Debug|Win32
		{DABE6307-F8DD-416D-9DAC-673E2DECB73F}.Debug|Win32.Build.0 = Debug|Win32
		{DABE6307-F8DD-416D-9DAC-673E2DECB73F}.Debug|x64.ActiveCfg = Debug|x64
		{DABE6307-F8DD-416D-9DAC-673E2DECB73F}.Debug|x64.Build.0 = Debug|x64
		{DABE6307-F8DD-416D-9DAC-673E2DECB73F}.Release|Win32.ActiveCfg = Release|Win32
		{DABE6307-F8DD-416D-9DAC-673E2DECB73F}.Release|Win32.Build.0 = Release|Win32
		{DABE6307-F8DD-416D-9DAC-673E2DECB73F}.Release|x64.ActiveCfg = Release|x64
		{DABE6307-F8DD-416D-9DAC-673E2DECB73F}.Release|x64.Build.0 = Release|x64
	EndGlobalSection
	GlobalSection(SolutionProperties) = preSolution
		HideSolutionNode = FALSE
	EndGlobalSection
	GlobalSection(ExtensibilityGlobals) = postSolution
		SolutionGuid = {FC646532-2050-40A5-A2AB-F699F1C071C4}
	EndGlobalSection
EndGlobal
