<?xml version="1.0" encoding="utf-8"?>
<Project ToolsVersion="4.0" xmlns="http://schemas.microsoft.com/developer/msbuild/2003">
  <ItemGroup>
    <ClCompile Include="AUDIO.Cpp">
      <Filter>Source Files</Filter>
    </ClCompile>
    <ClCompile Include="windac\Aspifunc.cpp">
      <Filter>Source Files</Filter>
    </ClCompile>
    <ClCompile Include="CDDB.Cpp">
      <Filter>Source Files</Filter>
    </ClCompile>
    <ClCompile Include="cddbevnt.cpp">
      <Filter>Source Files</Filter>
    </ClCompile>
    <ClCompile Include="cddbui.cpp">
      <Filter>Source Files</Filter>
    </ClCompile>
    <ClCompile Include="CDText.cpp">
      <Filter>Source Files</Filter>
    </ClCompile>
    <ClCompile Include="CONFIG.Cpp">
      <Filter>Source Files</Filter>
    </ClCompile>
    <ClCompile Include="windac\Dac32.cpp">
      <Filter>Source Files</Filter>
    </ClCompile>
    <ClCompile Include="DAEPlay.cpp">
      <Filter>Source Files</Filter>
    </ClCompile>
    <ClCompile Include="DB.Cpp">
      <Filter>Source Files</Filter>
    </ClCompile>
    <ClCompile Include="discid.cpp">
      <Filter>Source Files</Filter>
    </ClCompile>
    <ClCompile Include="EditCDInfo.cpp">
      <Filter>Source Files</Filter>
    </ClCompile>
    <ClCompile Include="ExtendedFileInfo.cpp">
      <Filter>Source Files</Filter>
    </ClCompile>
    <ClCompile Include="ExtendedRead.cpp">
      <Filter>Source Files</Filter>
    </ClCompile>
    <ClCompile Include="grabwnd.cpp">
      <Filter>Source Files</Filter>
    </ClCompile>
    <ClCompile Include="Main.cpp">
      <Filter>Source Files</Filter>
    </ClCompile>
    <ClCompile Include="MCI.Cpp">
      <Filter>Source Files</Filter>
    </ClCompile>
    <ClCompile Include="nde_cd.cpp">
      <Filter>Source Files</Filter>
    </ClCompile>
    <ClCompile Include="windac\NTScsi.cpp">
      <Filter>Source Files</Filter>
    </ClCompile>
    <ClCompile Include="PlayStatus.cpp">
      <Filter>Source Files</Filter>
    </ClCompile>
    <ClCompile Include="scsi_id.cpp">
      <Filter>Source Files</Filter>
    </ClCompile>
    <ClCompile Include="util.cpp">
      <Filter>Source Files</Filter>
    </ClCompile>
    <ClCompile Include="WindacPlay.cpp">
      <Filter>Source Files</Filter>
    </ClCompile>
    <ClCompile Include="workorder.cpp">
      <Filter>Source Files</Filter>
    </ClCompile>
    <ClCompile Include="..\..\..\external_dependencies\libdiscid-0.6.2\src\base64.c">
      <Filter>Source Files</Filter>
    </ClCompile>
    <ClCompile Include="..\..\..\external_dependencies\libdiscid-0.6.2\src\disc.c">
      <Filter>Source Files</Filter>
    </ClCompile>
    <ClCompile Include="..\..\..\external_dependencies\libdiscid-0.6.2\src\disc_win32.c">
      <Filter>Source Files</Filter>
    </ClCompile>
    <ClCompile Include="..\..\..\nu\listview.cpp">
      <Filter>Source Files</Filter>
    </ClCompile>
    <ClCompile Include="..\..\..\external_dependencies\libdiscid-0.6.2\src\sha1.c">
      <Filter>Source Files</Filter>
    </ClCompile>
    <ClCompile Include="..\..\..\Winamp\strutil.cpp">
      <Filter>Source Files</Filter>
    </ClCompile>
    <ClCompile Include="..\..\..\external_dependencies\libdiscid-0.6.2\src\toc.c">
      <Filter>Source Files</Filter>
    </ClCompile>
  </ItemGroup>
  <ItemGroup>
    <ClInclude Include="api__in_cdda.h">
      <Filter>Header Files</Filter>
    </ClInclude>
    <ClInclude Include="AUDIO.H">
      <Filter>Header Files</Filter>
    </ClInclude>
    <ClInclude Include="CDDB.H">
      <Filter>Header Files</Filter>
    </ClInclude>
    <ClInclude Include="CDDBInterface.h">
      <Filter>Header Files</Filter>
    </ClInclude>
    <ClInclude Include="CDPlay.h">
      <Filter>Header Files</Filter>
    </ClInclude>
    <ClInclude Include="DAEPlay.h">
      <Filter>Header Files</Filter>
    </ClInclude>
    <ClInclude Include="FuncTypedefs.h">
      <Filter>Header Files</Filter>
    </ClInclude>
    <ClInclude Include="grabwnd.h">
      <Filter>Header Files</Filter>
    </ClInclude>
    <ClInclude Include="MAIN.H">
      <Filter>Header Files</Filter>
    </ClInclude>
    <ClInclude Include="MCIPlay.h">
      <Filter>Header Files</Filter>
    </ClInclude>
    <ClInclude Include="PlayStatus.h">
      <Filter>Header Files</Filter>
    </ClInclude>
    <ClInclude Include="resource.h">
      <Filter>Header Files</Filter>
    </ClInclude>
    <ClInclude Include="..\..\..\Winamp\strutil.h">
      <Filter>Header Files</Filter>
    </ClInclude>
  </ItemGroup>
  <ItemGroup>
    <CustomBuild Include="windac\Aspifunc.h">
      <Filter>Header Files</Filter>
    </CustomBuild>
    <CustomBuild Include="cddbevnt.h">
      <Filter>Header Files</Filter>
    </CustomBuild>
    <CustomBuild Include="cddbui.h">
      <Filter>Header Files</Filter>
    </CustomBuild>
    <CustomBuild Include="windac\Dac32.h">
      <Filter>Header Files</Filter>
    </CustomBuild>
    <CustomBuild Include="WindacPlay.h">
      <Filter>Header Files</Filter>
    </CustomBuild>
    <CustomBuild Include="workorder.h">
      <Filter>Header Files</Filter>
    </CustomBuild>
    <CustomBuild Include="..\..\..\libdiscid\src\base64.h">
      <Filter>Header Files</Filter>
    </CustomBuild>
    <CustomBuild Include="..\..\..\libdiscid\include\discid\discid.h">
      <Filter>Header Files</Filter>
    </CustomBuild>
    <CustomBuild Include="..\..\..\libdiscid\include\discid\discid_private.h">
      <Filter>Header Files</Filter>
    </CustomBuild>
    <CustomBuild Include="..\..\..\libdiscid\src\ntddcdrm.h">
      <Filter>Header Files</Filter>
    </CustomBuild>
    <CustomBuild Include="..\..\..\libdiscid\src\sha1.h">
      <Filter>Header Files</Filter>
    </CustomBuild>
  </ItemGroup>
  <ItemGroup>
    <Filter Include="Header Files">
      <UniqueIdentifier>{8d59d863-b543-4d13-b6a7-55382eadffe0}</UniqueIdentifier>
    </Filter>
    <Filter Include="Ressource Files">
      <UniqueIdentifier>{ab3794f1-f2e8-465d-abc5-6fcf5bef0413}</UniqueIdentifier>
    </Filter>
    <Filter Include="Source Files">
      <UniqueIdentifier>{388bf86e-3bd7-4945-8833-ebecc85f04f8}</UniqueIdentifier>
    </Filter>
  </ItemGroup>
  <ItemGroup>
    <ResourceCompile Include="in_cdda.rc">
      <Filter>Ressource Files</Filter>
    </ResourceCompile>
  </ItemGroup>
</Project>