<?xml version="1.0" encoding="utf-8"?>
<Project ToolsVersion="4.0" xmlns="http://schemas.microsoft.com/developer/msbuild/2003">
  <ItemGroup>
    <ClCompile Include="varlist.cpp">
      <Filter>Source Files</Filter>
    </ClCompile>
    <ClCompile Include="string.cpp">
      <Filter>Source Files</Filter>
    </ClCompile>
    <ClCompile Include="main.cpp">
      <Filter>Source Files</Filter>
    </ClCompile>
    <ClCompile Include="impl_tagz.cpp">
      <Filter>Source Files</Filter>
    </ClCompile>
    <ClCompile Include="ifc_tagprovider.cpp">
      <Filter>Source Files</Filter>
    </ClCompile>
    <ClCompile Include="ifc_tagparams.cpp">
      <Filter>Source Files</Filter>
    </ClCompile>
    <ClCompile Include="functions.cpp">
      <Filter>Source Files</Filter>
    </ClCompile>
    <ClCompile Include="FMT.cpp">
      <Filter>Source Files</Filter>
    </ClCompile>
    <ClCompile Include="factory_tagz.cpp">
      <Filter>Source Files</Filter>
    </ClCompile>
    <ClCompile Include="api_tagz.cpp">
      <Filter>Source Files</Filter>
    </ClCompile>
  </ItemGroup>
  <ItemGroup>
    <ClInclude Include="varlist.h">
      <Filter>Header Files</Filter>
    </ClInclude>
    <ClInclude Include="tagz.h">
      <Filter>Header Files</Filter>
    </ClInclude>
    <ClInclude Include="string.h">
      <Filter>Header Files</Filter>
    </ClInclude>
    <ClInclude Include="impl_tagz.h">
      <Filter>Header Files</Filter>
    </ClInclude>
    <ClInclude Include="ifc_tagprovider.h">
      <Filter>Header Files</Filter>
    </ClInclude>
    <ClInclude Include="ifc_tagparams.h">
      <Filter>Header Files</Filter>
    </ClInclude>
    <ClInclude Include="functions.h">
      <Filter>Header Files</Filter>
    </ClInclude>
    <ClInclude Include="factory_tagz.h">
      <Filter>Header Files</Filter>
    </ClInclude>
    <ClInclude Include="api_tagz.h">
      <Filter>Header Files</Filter>
    </ClInclude>
    <ClInclude Include="api__tagz.h">
      <Filter>Header Files</Filter>
    </ClInclude>
  </ItemGroup>
  <ItemGroup>
    <Text Include="tagz.txt" />
  </ItemGroup>
  <ItemGroup>
    <Filter Include="Header Files">
      <UniqueIdentifier>{69a90569-a1be-4988-9917-a5745261d4d6}</UniqueIdentifier>
    </Filter>
    <Filter Include="Ressource Files">
      <UniqueIdentifier>{eceb1929-4690-4408-8885-fea97e006e82}</UniqueIdentifier>
    </Filter>
    <Filter Include="Source Files">
      <UniqueIdentifier>{694558c9-f512-4df6-9996-7c1d647225b7}</UniqueIdentifier>
    </Filter>
  </ItemGroup>
  <ItemGroup>
    <ResourceCompile Include="tagz.rc">
      <Filter>Ressource Files</Filter>
    </ResourceCompile>
  </ItemGroup>
</Project>