
Microsoft Visual Studio Solution File, Format Version 10.00
# Visual Studio 2008
Project("{8BC9CEB8-8B4A-11D0-8D11-00A0C91BC942}") = "nprt_plugin", "nprt_plugin.vcproj", "{CAFDC55A-9657-47A8-8824-CE2C5F595478}"
EndProject
Global
	GlobalSection(SolutionConfigurationPlatforms) = preSolution
		Debug|Win32 = Debug|Win32
		Release|Win32 = Release|Win32
	EndGlobalSection
	GlobalSection(ProjectConfigurationPlatforms) = postSolution
		{CAFDC55A-9657-47A8-8824-CE2C5F595478}.Debug|Win32.ActiveCfg = Debug|Win32
		{CAFDC55A-9657-47A8-8824-CE2C5F595478}.Debug|Win32.Build.0 = Debug|Win32
		{CAFDC55A-9657-47A8-8824-CE2C5F595478}.Release|Win32.ActiveCfg = Release|Win32
		{CAFDC55A-9657-47A8-8824-CE2C5F595478}.Release|Win32.Build.0 = Release|Win32
	EndGlobalSection
	GlobalSection(SolutionProperties) = preSolution
		HideSolutionNode = FALSE
	EndGlobalSection
EndGlobal
